
Microsoft Visual Studio Solution File, Format Version 12.00
# Visual Studio 15
VisualStudioVersion = 15.0.28307.421
MinimumVisualStudioVersion = 10.0.40219.1
Project("{FAE04EC0-301F-11D3-BF4B-00C04F79EFBC}") = "practicando 2", "practicando 2\practicando 2.csproj", "{69EBB1BD-FA4D-450D-B974-13B7D4CC1507}"
EndProject
Global
	GlobalSection(SolutionConfigurationPlatforms) = preSolution
		Debug|Any CPU = Debug|Any CPU
		Release|Any CPU = Release|Any CPU
	EndGlobalSection
	GlobalSection(ProjectConfigurationPlatforms) = postSolution
		{69EBB1BD-FA4D-450D-B974-13B7D4CC1507}.Debug|Any CPU.ActiveCfg = Debug|Any CPU
		{69EBB1BD-FA4D-450D-B974-13B7D4CC1507}.Debug|Any CPU.Build.0 = Debug|Any CPU
		{69EBB1BD-FA4D-450D-B974-13B7D4CC1507}.Release|Any CPU.ActiveCfg = Release|Any CPU
		{69EBB1BD-FA4D-450D-B974-13B7D4CC1507}.Release|Any CPU.Build.0 = Release|Any CPU
	EndGlobalSection
	GlobalSection(SolutionProperties) = preSolution
		HideSolutionNode = FALSE
	EndGlobalSection
	GlobalSection(ExtensibilityGlobals) = postSolution
		SolutionGuid = {F72EF914-E0DD-4502-8115-0213D2BBA792}
	EndGlobalSection
EndGlobal
